# THIS IS AN AUTOGENERATED FILE. DO NOT EDIT THIS FILE DIRECTLY.
# yarn lockfile v1


highcharts@*:
  version "6.1.1"
  resolved "https://registry.yarnpkg.com/highcharts/-/highcharts-6.1.1.tgz#49dc34f5e963744ecd7eb87603b6cdaf8304c13a"

jquery@1.5.2:
  version "1.12.4"
  resolved "https://registry.yarnpkg.com/jquery/-/jquery-1.12.4.tgz#01e1dfba290fe73deba77ceeacb0f9ba2fec9e0c"
